Microsoft Visual Studio Solution File, Format Version 12.00
# Visual Studio Version 17
VisualStudioVersion = 17.5.2.0
MinimumVisualStudioVersion = 10.0.40219.1
Project("{FAE04EC0-301F-11D3-BF4B-00C04F79EFBC}") = "VincentBattleNetApiServer.App", "VincentBattleNetApiServer.App\VincentBattleNetApiServer.App.csproj", "{FF700553-1340-4F9B-A85B-DD85520822EF}"
EndProject
Project("{FAE04EC0-301F-11D3-BF4B-00C04F79EFBC}") = "VincentBattleNetApiServer.Core", "VincentBattleNetApiServer.Core\VincentBattleNetApiServer.Core.csproj", "{C4486797-2664-4ABC-8466-E27B93B33A08}"
EndProject
Project("{FAE04EC0-301F-11D3-BF4B-00C04F79EFBC}") = "BattleNetApiDiscordBot", "BattleNetApiDiscordBot\BattleNetApiDiscordBot.csproj", "{48CB16C9-7BC8-4D94-8092-22A93E02B96A}"
EndProject
Global
	GlobalSection(SolutionConfigurationPlatforms) = preSolution
		Debug|Any CPU = Debug|Any CPU
		Release|Any CPU = Release|Any CPU
	EndGlobalSection
	GlobalSection(ProjectConfigurationPlatforms) = postSolution
		{FF700553-1340-4F9B-A85B-DD85520822EF}.Debug|Any CPU.ActiveCfg = Debug|Any CPU
		{FF700553-1340-4F9B-A85B-DD85520822EF}.Debug|Any CPU.Build.0 = Debug|Any CPU
		{FF700553-1340-4F9B-A85B-DD85520822EF}.Release|Any CPU.ActiveCfg = Release|Any CPU
		{FF700553-1340-4F9B-A85B-DD85520822EF}.Release|Any CPU.Build.0 = Release|Any CPU
		{C4486797-2664-4ABC-8466-E27B93B33A08}.Debug|Any CPU.ActiveCfg = Debug|Any CPU
		{C4486797-2664-4ABC-8466-E27B93B33A08}.Debug|Any CPU.Build.0 = Debug|Any CPU
		{C4486797-2664-4ABC-8466-E27B93B33A08}.Release|Any CPU.ActiveCfg = Release|Any CPU
		{C4486797-2664-4ABC-8466-E27B93B33A08}.Release|Any CPU.Build.0 = Release|Any CPU
		{48CB16C9-7BC8-4D94-8092-22A93E02B96A}.Debug|Any CPU.ActiveCfg = Debug|Any CPU
		{48CB16C9-7BC8-4D94-8092-22A93E02B96A}.Debug|Any CPU.Build.0 = Debug|Any CPU
		{48CB16C9-7BC8-4D94-8092-22A93E02B96A}.Release|Any CPU.ActiveCfg = Release|Any CPU
		{48CB16C9-7BC8-4D94-8092-22A93E02B96A}.Release|Any CPU.Build.0 = Release|Any CPU
	EndGlobalSection
	GlobalSection(SolutionProperties) = preSolution
		HideSolutionNode = FALSE
	EndGlobalSection
	GlobalSection(ExtensibilityGlobals) = postSolution
		SolutionGuid = {7C4120E3-EFEC-4C43-BDDC-F12F870B88F2}
	EndGlobalSection
EndGlobal
